
Microsoft Visual Studio Solution File, Format Version 12.00
# Visual Studio 15
Project("{FAE04EC0-301F-11D3-BF4B-00C04F79EFBC}") = "Assembly-CSharp", "Assembly-CSharp.csproj", "{4CE07701-134F-9DD0-F36C-F385BB4D61DF}"
EndProject
Project("{FAE04EC0-301F-11D3-BF4B-00C04F79EFBC}") = "Crest", "Crest.csproj", "{B02540B2-DDBD-B83F-3A81-2C0A95DA461F}"
EndProject
Project("{FAE04EC0-301F-11D3-BF4B-00C04F79EFBC}") = "Crest.Examples", "Crest.Examples.csproj", "{00AA2821-66FF-F93F-4650-16EB65E9B055}"
EndProject
Global
	GlobalSection(SolutionConfigurationPlatforms) = preSolution
		Debug|Any CPU = Debug|Any CPU
		Release|Any CPU = Release|Any CPU
	EndGlobalSection
	GlobalSection(ProjectConfigurationPlatforms) = postSolution
		{4CE07701-134F-9DD0-F36C-F385BB4D61DF}.Debug|Any CPU.ActiveCfg = Debug|Any CPU
		{4CE07701-134F-9DD0-F36C-F385BB4D61DF}.Debug|Any CPU.Build.0 = Debug|Any CPU
		{4CE07701-134F-9DD0-F36C-F385BB4D61DF}.Release|Any CPU.ActiveCfg = Release|Any CPU
		{4CE07701-134F-9DD0-F36C-F385BB4D61DF}.Release|Any CPU.Build.0 = Release|Any CPU
		{B02540B2-DDBD-B83F-3A81-2C0A95DA461F}.Debug|Any CPU.ActiveCfg = Debug|Any CPU
		{B02540B2-DDBD-B83F-3A81-2C0A95DA461F}.Debug|Any CPU.Build.0 = Debug|Any CPU
		{B02540B2-DDBD-B83F-3A81-2C0A95DA461F}.Release|Any CPU.ActiveCfg = Release|Any CPU
		{B02540B2-DDBD-B83F-3A81-2C0A95DA461F}.Release|Any CPU.Build.0 = Release|Any CPU
		{00AA2821-66FF-F93F-4650-16EB65E9B055}.Debug|Any CPU.ActiveCfg = Debug|Any CPU
		{00AA2821-66FF-F93F-4650-16EB65E9B055}.Debug|Any CPU.Build.0 = Debug|Any CPU
		{00AA2821-66FF-F93F-4650-16EB65E9B055}.Release|Any CPU.ActiveCfg = Release|Any CPU
		{00AA2821-66FF-F93F-4650-16EB65E9B055}.Release|Any CPU.Build.0 = Release|Any CPU
	EndGlobalSection
	GlobalSection(SolutionProperties) = preSolution
		HideSolutionNode = FALSE
	EndGlobalSection
EndGlobal
